
Microsoft Visual Studio Solution File, Format Version 12.00
# Visual Studio Version 17
VisualStudioVersion = 17.4.33213.308
MinimumVisualStudioVersion = 10.0.40219.1
Project("{FAE04EC0-301F-11D3-BF4B-00C04F79EFBC}") = "LibApp", "LibApp\LibApp.csproj", "{AD9AC040-17E6-4D80-883C-D5BC9E5885A6}"
EndProject
Project("{FAE04EC0-301F-11D3-BF4B-00C04F79EFBC}") = "SerializeManager", "SerializeManager\SerializeManager.csproj", "{05236066-D2C7-4F92-9B35-5D33587D54BB}"
EndProject
Project("{FAE04EC0-301F-11D3-BF4B-00C04F79EFBC}") = "ImageConverter", "ImageConverter\ImageConverter.csproj", "{71E1A299-8BF3-44ED-B072-4467A4EBE427}"
EndProject
Global
	GlobalSection(SolutionConfigurationPlatforms) = preSolution
		Debug|Any CPU = Debug|Any CPU
		Release|Any CPU = Release|Any CPU
	EndGlobalSection
	GlobalSection(ProjectConfigurationPlatforms) = postSolution
		{AD9AC040-17E6-4D80-883C-D5BC9E5885A6}.Debug|Any CPU.ActiveCfg = Debug|Any CPU
		{AD9AC040-17E6-4D80-883C-D5BC9E5885A6}.Debug|Any CPU.Build.0 = Debug|Any CPU
		{AD9AC040-17E6-4D80-883C-D5BC9E5885A6}.Release|Any CPU.ActiveCfg = Release|Any CPU
		{AD9AC040-17E6-4D80-883C-D5BC9E5885A6}.Release|Any CPU.Build.0 = Release|Any CPU
		{05236066-D2C7-4F92-9B35-5D33587D54BB}.Debug|Any CPU.ActiveCfg = Debug|Any CPU
		{05236066-D2C7-4F92-9B35-5D33587D54BB}.Debug|Any CPU.Build.0 = Debug|Any CPU
		{05236066-D2C7-4F92-9B35-5D33587D54BB}.Release|Any CPU.ActiveCfg = Release|Any CPU
		{05236066-D2C7-4F92-9B35-5D33587D54BB}.Release|Any CPU.Build.0 = Release|Any CPU
		{71E1A299-8BF3-44ED-B072-4467A4EBE427}.Debug|Any CPU.ActiveCfg = Debug|Any CPU
		{71E1A299-8BF3-44ED-B072-4467A4EBE427}.Debug|Any CPU.Build.0 = Debug|Any CPU
		{71E1A299-8BF3-44ED-B072-4467A4EBE427}.Release|Any CPU.ActiveCfg = Release|Any CPU
		{71E1A299-8BF3-44ED-B072-4467A4EBE427}.Release|Any CPU.Build.0 = Release|Any CPU
	EndGlobalSection
	GlobalSection(SolutionProperties) = preSolution
		HideSolutionNode = FALSE
	EndGlobalSection
	GlobalSection(ExtensibilityGlobals) = postSolution
		SolutionGuid = {AD2A7E0E-56C5-4F85-9A1B-FCFF49442D8D}
	EndGlobalSection
EndGlobal
